github.com/BurntSushi/toml v1.6.0 h1:dRaEfpa2VI55EwlIW72hMRHdWouJeRF7TPYhI+AUQjk=
github.com/BurntSushi/toml v1.6.0/go.mod h1:ukJfTF/6rtPPRCnwkur4qwRxa8vTRFBF0uk2lLoLwho=
github.com/apache/fory/go/fory v0.16.0 h1:/I0OTAV0bn6ualJvJ1zCyI1EWuMsQrw9Y3FRSlyDLEc=
github.com/apache/fory/go/fory v0.16.0/go.mod h1:s5lxnMIQex4MTafsNpG49YSZrDIQ9KBT2HRDXxC7QHI=
