{
  "name": "@aster-examples/mission-control",
  "version": "0.0.0",
  "lockfileVersion": 3,
  "requires": true,
  "packages": {
    "": {
      "name": "@aster-examples/mission-control",
      "version": "0.0.0",
      "dependencies": {
        "@aster-rpc/aster": "^0.1.2"
      },
      "devDependencies": {
        "@types/node": "^22"
      }
    },
    "node_modules/@aster-rpc/aster": {
      "version": "0.1.2",
      "resolved": "https://registry.npmjs.org/@aster-rpc/aster/-/aster-0.1.2.tgz",
      "integrity": "sha512-KYJdmMj9g16/lilEOWfOublxTASl9jcePfEL1kFFnm+VAan3CGVZysDAWesOgdyHkgGUy7KwKpQ2gG0QlhVyUQ==",
      "license": "Apache-2.0",
      "dependencies": {
        "@aster-rpc/transport": "0.1.2"
      },
      "engines": {
        "node": ">=20.0.0"
      }
    },
    "node_modules/@aster-rpc/transport": {
      "version": "0.1.2",
      "resolved": "https://registry.npmjs.org/@aster-rpc/transport/-/transport-0.1.2.tgz",
      "integrity": "sha512-Sscyl0ZHToIb6NsyXwpqyvSomJpUmb6Cc07EFRBicXZ+OosN9ir3HbHGOKL7NRQIvOb/GL07ybr3ziZBT/B9Dw==",
      "license": "Apache-2.0",
      "engines": {
        "node": ">=20.0.0"
      },
      "optionalDependencies": {
        "@aster-rpc/transport-darwin-arm64": "0.1.2",
        "@aster-rpc/transport-darwin-x64": "0.1.2",
        "@aster-rpc/transport-linux-arm64-gnu": "0.1.2",
        "@aster-rpc/transport-linux-x64-gnu": "0.1.2",
        "@aster-rpc/transport-win32-x64-msvc": "0.1.2"
      }
    },
    "node_modules/@aster-rpc/transport-darwin-arm64": {
      "version": "0.1.2",
      "resolved": "https://registry.npmjs.org/@aster-rpc/transport-darwin-arm64/-/transport-darwin-arm64-0.1.2.tgz",
      "integrity": "sha512-yHlTEl2tbEZMPlmb10T/wOZC9y2hlwLhumFuv+wcWChJq4B3x1kmi/MbqGbcsmLpn+eCIdRGxz5GnOVYDTlDDw==",
      "cpu": [
        "arm64"
      ],
      "license": "Apache-2.0",
      "optional": true,
      "os": [
        "darwin"
      ],
      "engines": {
        "node": ">=20.0.0"
      }
    },
    "node_modules/@aster-rpc/transport-darwin-x64": {
      "version": "0.1.2",
      "resolved": "https://registry.npmjs.org/@aster-rpc/transport-darwin-x64/-/transport-darwin-x64-0.1.2.tgz",
      "integrity": "sha512-+Lp4NSMXif54011t3RLZHZCqmC1YTY/WcFdBeGpLq3ZtPGc+I7BLfQIsVR9ow4MO3kk38pjxl0qw99Zdw/lemg==",
      "cpu": [
        "x64"
      ],
      "license": "Apache-2.0",
      "optional": true,
      "os": [
        "darwin"
      ],
      "engines": {
        "node": ">=20.0.0"
      }
    },
    "node_modules/@aster-rpc/transport-linux-arm64-gnu": {
      "version": "0.1.2",
      "resolved": "https://registry.npmjs.org/@aster-rpc/transport-linux-arm64-gnu/-/transport-linux-arm64-gnu-0.1.2.tgz",
      "integrity": "sha512-lMp6/6Bsb+4MoOPERWok16al3AiApzrWE00OZ1DpGH/S+FMxmyl+b2XJ24jXUtrr8/CsLpd/zmCEJInLxFm/jQ==",
      "cpu": [
        "arm64"
      ],
      "license": "Apache-2.0",
      "optional": true,
      "os": [
        "linux"
      ],
      "engines": {
        "node": ">=20.0.0"
      }
    },
    "node_modules/@aster-rpc/transport-linux-x64-gnu": {
      "version": "0.1.2",
      "resolved": "https://registry.npmjs.org/@aster-rpc/transport-linux-x64-gnu/-/transport-linux-x64-gnu-0.1.2.tgz",
      "integrity": "sha512-RhnPVk3IeqD9rzafZDh1bKhNbBSNZtV7cyuByrL0jDLizXunXVAWTXj9sjRfRz7tAOuN60n/l5Z5Nt/T3cqZlA==",
      "cpu": [
        "x64"
      ],
      "license": "Apache-2.0",
      "optional": true,
      "os": [
        "linux"
      ],
      "engines": {
        "node": ">=20.0.0"
      }
    },
    "node_modules/@aster-rpc/transport-win32-x64-msvc": {
      "version": "0.1.2",
      "resolved": "https://registry.npmjs.org/@aster-rpc/transport-win32-x64-msvc/-/transport-win32-x64-msvc-0.1.2.tgz",
      "integrity": "sha512-XZ0k2mvHgw4CB6xrHdahqGfda2+eQIfK4gfWLfDdArqOAK1Z4PRx6XJraRggXQ6afg/Q4mM93RWhC6HH4sb++Q==",
      "cpu": [
        "x64"
      ],
      "license": "Apache-2.0",
      "optional": true,
      "os": [
        "win32"
      ],
      "engines": {
        "node": ">=20.0.0"
      }
    },
    "node_modules/@types/node": {
      "version": "22.19.17",
      "resolved": "https://registry.npmjs.org/@types/node/-/node-22.19.17.tgz",
      "integrity": "sha512-wGdMcf+vPYM6jikpS/qhg6WiqSV/OhG+jeeHT/KlVqxYfD40iYJf9/AE1uQxVWFvU7MipKRkRv8NSHiCGgPr8Q==",
      "dev": true,
      "license": "MIT",
      "dependencies": {
        "undici-types": "~6.21.0"
      }
    },
    "node_modules/undici-types": {
      "version": "6.21.0",
      "resolved": "https://registry.npmjs.org/undici-types/-/undici-types-6.21.0.tgz",
      "integrity": "sha512-iwDZqg0QAGrg9Rav5H4n0M64c3mkR59cJ6wQp+7C4nI0gsmExaedaYLNO44eT4AtBBwjbTiGPMlt2Md0T9H9JQ==",
      "dev": true,
      "license": "MIT"
    }
  }
}
